
Microsoft Visual Studio Solution File, Format Version 12.00
# Visual Studio 14
VisualStudioVersion = 14.0.25420.1
MinimumVisualStudioVersion = 10.0.40219.1
Project("{E24C65DC-7377-472B-9ABA-BC803B73C61A}") = "SEO111(2)", ".", "{F0337C43-3BFE-4E2F-99D5-D9E27987B8FD}"
	ProjectSection(WebsiteProperties) = preProject
		TargetFrameworkMoniker = ".NETFramework,Version%3Dv4.5.2"
		Debug.AspNetCompiler.VirtualPath = "/localhost_24938"
		Debug.AspNetCompiler.PhysicalPath = "..\SEO111\"
		Debug.AspNetCompiler.TargetPath = "PrecompiledWeb\localhost_24938\"
		Debug.AspNetCompiler.Updateable = "true"
		Debug.AspNetCompiler.ForceOverwrite = "true"
		Debug.AspNetCompiler.FixedNames = "false"
		Debug.AspNetCompiler.Debug = "True"
		Release.AspNetCompiler.VirtualPath = "/localhost_24938"
		Release.AspNetCompiler.PhysicalPath = "..\SEO111\"
		Release.AspNetCompiler.TargetPath = "PrecompiledWeb\localhost_24938\"
		Release.AspNetCompiler.Updateable = "true"
		Release.AspNetCompiler.ForceOverwrite = "true"
		Release.AspNetCompiler.FixedNames = "false"
		Release.AspNetCompiler.Debug = "False"
		VWDPort = "24938"
		SlnRelativePath = "..\SEO111\"
	EndProjectSection
EndProject
Global
	GlobalSection(SolutionConfigurationPlatforms) = preSolution
		Debug|Any CPU = Debug|Any CPU
	EndGlobalSection
	GlobalSection(ProjectConfigurationPlatforms) = postSolution
		{F0337C43-3BFE-4E2F-99D5-D9E27987B8FD}.Debug|Any CPU.ActiveCfg = Debug|Any CPU
		{F0337C43-3BFE-4E2F-99D5-D9E27987B8FD}.Debug|Any CPU.Build.0 = Debug|Any CPU
	EndGlobalSection
	GlobalSection(SolutionProperties) = preSolution
		HideSolutionNode = FALSE
	EndGlobalSection
EndGlobal
